
Microsoft Visual Studio Solution File, Format Version 12.00
# Visual Studio 2013
VisualStudioVersion = 12.0.21005.1
MinimumVisualStudioVersion = 10.0.40219.1
Project("{FAE04EC0-301F-11D3-BF4B-00C04F79EFBC}") = "Admin2ChatPlugin", "Admin2ChatPlugin.csproj", "{96F10BDD-B04A-4B49-8DF5-D81B992E707E}"
EndProject
Project("{FAE04EC0-301F-11D3-BF4B-00C04F79EFBC}") = "acPlugins4net", "..\acplugins4net\acPlugins4net\acPlugins4net.csproj", "{755C6B0D-3ED5-45D3-A06F-1575D26DA4D9}"
EndProject
Global
	GlobalSection(SubversionScc) = preSolution
		Svn-Managed = True
		Manager = AnkhSVN - Subversion Support for Visual Studio
	EndGlobalSection
	GlobalSection(SolutionConfigurationPlatforms) = preSolution
		Debug|Any CPU = Debug|Any CPU
		Release|Any CPU = Release|Any CPU
	EndGlobalSection
	GlobalSection(ProjectConfigurationPlatforms) = postSolution
		{96F10BDD-B04A-4B49-8DF5-D81B992E707E}.Debug|Any CPU.ActiveCfg = Debug|Any CPU
		{96F10BDD-B04A-4B49-8DF5-D81B992E707E}.Debug|Any CPU.Build.0 = Debug|Any CPU
		{96F10BDD-B04A-4B49-8DF5-D81B992E707E}.Release|Any CPU.ActiveCfg = Release|Any CPU
		{96F10BDD-B04A-4B49-8DF5-D81B992E707E}.Release|Any CPU.Build.0 = Release|Any CPU
		{755C6B0D-3ED5-45D3-A06F-1575D26DA4D9}.Debug|Any CPU.ActiveCfg = Debug|Any CPU
		{755C6B0D-3ED5-45D3-A06F-1575D26DA4D9}.Debug|Any CPU.Build.0 = Debug|Any CPU
		{755C6B0D-3ED5-45D3-A06F-1575D26DA4D9}.Release|Any CPU.ActiveCfg = Release|Any CPU
		{755C6B0D-3ED5-45D3-A06F-1575D26DA4D9}.Release|Any CPU.Build.0 = Release|Any CPU
	EndGlobalSection
	GlobalSection(SolutionProperties) = preSolution
		HideSolutionNode = FALSE
	EndGlobalSection
EndGlobal
